// !$*UTF8*$!
{
	archiveVersion = 1;
	classes = {
	};
	objectVersion = 55;
	objects = {

/* Begin PBXBuildFile section */
		D32F2ECA29DD53A60094B70C /* AppDelegate.swift in Sources */ = {isa = PBXBuildFile; fileRef = D32F2EC929DD53A60094B70C /* AppDelegate.swift */; };
		D32F2ECC29DD53A60094B70C /* SceneDelegate.swift in Sources */ = {isa = PBXBuildFile; fileRef = D32F2ECB29DD53A60094B70C /* SceneDelegate.swift */; };
		D32F2ECE29DD53A60094B70C /* ViewController.swift in Sources */ = {isa = PBXBuildFile; fileRef = D32F2ECD29DD53A60094B70C /* ViewController.swift */; };
		D32F2ED129DD53A60094B70C /* Main.storyboard in Resources */ = {isa = PBXBuildFile; fileRef = D32F2ECF29DD53A60094B70C /* Main.storyboard */; };
		D32F2ED329DD53A70094B70C /* Assets.xcassets in Resources */ = {isa = PBXBuildFile; fileRef = D32F2ED229DD53A70094B70C /* Assets.xcassets */; };
		D32F2ED629DD53A70094B70C /* LaunchScreen.storyboard in Resources */ = {isa = PBXBuildFile; fileRef = D32F2ED429DD53A70094B70C /* LaunchScreen.storyboard */; };
		D32F2EDE29DD53D20094B70C /* file.swift in Sources */ = {isa = PBXBuildFile; fileRef = D32F2EDD29DD53D20094B70C /* file.swift */; };
		D32F2EE029DD583A0094B70C /* ViewController2.swift in Sources */ = {isa = PBXBuildFile; fileRef = D32F2EDF29DD583A0094B70C /* ViewController2.swift */; };
		D32F2EE229DD588C0094B70C /* TableViewCell.swift in Sources */ = {isa = PBXBuildFile; fileRef = D32F2EE129DD588C0094B70C /* TableViewCell.swift */; };
/* End PBXBuildFile section */

/* Begin PBXFileReference section */
		D32F2EC629DD53A60094B70C /* database_Today_new.app */ = {isa = PBXFileReference; explicitFileType = wrapper.application; includeInIndex = 0; path = database_Today_new.app; sourceTree = BUILT_PRODUCTS_DIR; };
		D32F2EC929DD53A60094B70C /* AppDelegate.swift */ = {isa = PBXFileReference; lastKnownFileType = sourcecode.swift; path = AppDelegate.swift; sourceTree = "<group>"; };
		D32F2ECB29DD53A60094B70C /* SceneDelegate.swift */ = {isa = PBXFileReference; lastKnownFileType = sourcecode.swift; path = SceneDelegate.swift; sourceTree = "<group>"; };
		D32F2ECD29DD53A60094B70C /* ViewController.swift */ = {isa = PBXFileReference; lastKnownFileType = sourcecode.swift; path = ViewController.swift; sourceTree = "<group>"; };
		D32F2ED029DD53A60094B70C /* Base */ = {isa = PBXFileReference; lastKnownFileType = file.storyboard; name = Base; path = Base.lproj/Main.storyboard; sourceTree = "<group>"; };
		D32F2ED229DD53A70094B70C /* Assets.xcassets */ = {isa = PBXFileReference; lastKnownFileType = folder.assetcatalog; path = Assets.xcassets; sourceTree = "<group>"; };
		D32F2ED529DD53A70094B70C /* Base */ = {isa = PBXFileReference; lastKnownFileType = file.storyboard; name = Base; path = Base.lproj/LaunchScreen.storyboard; sourceTree = "<group>"; };
		D32F2ED729DD53A70094B70C /* Info.plist */ = {isa = PBXFileReference; lastKnownFileType = text.plist.xml; path = Info.plist; sourceTree = "<group>"; };
		D32F2EDD29DD53D20094B70C /* file.swift */ = {isa = PBXFileReference; lastKnownFileType = sourcecode.swift; path = file.swift; sourceTree = "<group>"; };
		D32F2EDF29DD583A0094B70C /* ViewController2.swift */ = {isa = PBXFileReference; lastKnownFileType = sourcecode.swift; path = ViewController2.swift; sourceTree = "<group>"; };
		D32F2EE129DD588C0094B70C /* TableViewCell.swift */ = {isa = PBXFileReference; lastKnownFileType = sourcecode.swift; path = TableViewCell.swift; sourceTree = "<group>"; };
/* End PBXFileReference section */

/* Begin PBXFrameworksBuildPhase section */
		D32F2EC329DD53A60094B70C /* Frameworks */ = {
			isa = PBXFrameworksBuildPhase;
			buildActionMask = 2147483647;
			files = (
			);
			runOnlyForDeploymentPostprocessing = 0;
		};
/* End PBXFrameworksBuildPhase section */

/* Begin PBXGroup section */
		D32F2EBD29DD53A60094B70C = {
			isa = PBXGroup;
			children = (
				D32F2EC829DD53A60094B70C /* database_Today_new */,
				D32F2EC729DD53A60094B70C /* Products */,
			);
			sourceTree = "<group>";
		};
		D32F2EC729DD53A60094B70C /* Products */ = {
			isa = PBXGroup;
			children = (
				D32F2EC629DD53A60094B70C /* database_Today_new.app */,
			);
			name = Products;
			sourceTree = "<group>";
		};
		D32F2EC829DD53A60094B70C /* database_Today_new */ = {
			isa = PBXGroup;
			children = (
				D32F2EC929DD53A60094B70C /* AppDelegate.swift */,
				D32F2ECB29DD53A60094B70C /* SceneDelegate.swift */,
				D32F2ECD29DD53A60094B70C /* ViewController.swift */,
				D32F2EDD29DD53D20094B70C /* file.swift */,
				D32F2ECF29DD53A60094B70C /* Main.storyboard */,
				D32F2EE129DD588C0094B70C /* TableViewCell.swift */,
				D32F2EDF29DD583A0094B70C /* ViewController2.swift */,
				D32F2ED229DD53A70094B70C /* Assets.xcassets */,
				D32F2ED429DD53A70094B70C /* LaunchScreen.storyboard */,
				D32F2ED729DD53A70094B70C /* Info.plist */,
			);
			path = database_Today_new;
			sourceTree = "<group>";
		};
/* End PBXGroup section */

/* Begin PBXNativeTarget section */
		D32F2EC529DD53A60094B70C /* database_Today_new */ = {
			isa = PBXNativeTarget;
			buildConfigurationList = D32F2EDA29DD53A70094B70C /* Build configuration list for PBXNativeTarget "database_Today_new" */;
			buildPhases = (
				D32F2EC229DD53A60094B70C /* Sources */,
				D32F2EC329DD53A60094B70C /* Frameworks */,
				D32F2EC429DD53A60094B70C /* Resources */,
			);
			buildRules = (
			);
			dependencies = (
			);
			name = database_Today_new;
			productName = database_Today_new;
			productReference = D32F2EC629DD53A60094B70C /* database_Today_new.app */;
			productType = "com.apple.product-type.application";
		};
/* End PBXNativeTarget section */

/* Begin PBXProject section */
		D32F2EBE29DD53A60094B70C /* Project object */ = {
			isa = PBXProject;
			attributes = {
				BuildIndependentTargetsInParallel = 1;
				LastSwiftUpdateCheck = 1300;
				LastUpgradeCheck = 1300;
				TargetAttributes = {
					D32F2EC529DD53A60094B70C = {
						CreatedOnToolsVersion = 13.0;
					};
				};
			};
			buildConfigurationList = D32F2EC129DD53A60094B70C /* Build configuration list for PBXProject "database_Today_new" */;
			compatibilityVersion = "Xcode 13.0";
			developmentRegion = en;
			hasScannedForEncodings = 0;
			knownRegions = (
				en,
				Base,
			);
			mainGroup = D32F2EBD29DD53A60094B70C;
			productRefGroup = D32F2EC729DD53A60094B70C /* Products */;
			projectDirPath = "";
			projectRoot = "";
			targets = (
				D32F2EC529DD53A60094B70C /* database_Today_new */,
			);
		};
/* End PBXProject section */

/* Begin PBXResourcesBuildPhase section */
		D32F2EC429DD53A60094B70C /* Resources */ = {
			isa = PBXResourcesBuildPhase;
			buildActionMask = 2147483647;
			files = (
				D32F2ED629DD53A70094B70C /* LaunchScreen.storyboard in Resources */,
				D32F2ED329DD53A70094B70C /* Assets.xcassets in Resources */,
				D32F2ED129DD53A60094B70C /* Main.storyboard in Resources */,
			);
			runOnlyForDeploymentPostprocessing = 0;
		};
/* End PBXResourcesBuildPhase section */

/* Begin PBXSourcesBuildPhase section */
		D32F2EC229DD53A60094B70C /* Sources */ = {
			isa = PBXSourcesBuildPhase;
			buildActionMask = 2147483647;
			files = (
				D32F2EE029DD583A0094B70C /* ViewController2.swift in Sources */,
				D32F2ECE29DD53A60094B70C /* ViewController.swift in Sources */,
				D32F2EDE29DD53D20094B70C /* file.swift in Sources */,
				D32F2EE229DD588C0094B70C /* TableViewCell.swift in Sources */,
				D32F2ECA29DD53A60094B70C /* AppDelegate.swift in Sources */,
				D32F2ECC29DD53A60094B70C /* SceneDelegate.swift in Sources */,
			);
			runOnlyForDeploymentPostprocessing = 0;
		};
/* End PBXSourcesBuildPhase section */

/* Begin PBXVariantGroup section */
		D32F2ECF29DD53A60094B70C /* Main.storyboard */ = {
			isa = PBXVariantGroup;
			children = (
				D32F2ED029DD53A60094B70C /* Base */,
			);
			name = Main.storyboard;
			sourceTree = "<group>";
		};
		D32F2ED429DD53A70094B70C /* LaunchScreen.storyboard */ = {
			isa = PBXVariantGroup;
			children = (
				D32F2ED529DD53A70094B70C /* Base */,
			);
			name = LaunchScreen.storyboard;
			sourceTree = "<group>";
		};
/* End PBXVariantGroup section */

/* Begin XCBuildConfiguration section */
		D32F2ED829DD53A70094B70C /* Debug */ = {
			isa = XCBuildConfiguration;
			buildSettings = {
				ALWAYS_SEARCH_USER_PATHS = NO;
				CLANG_ANALYZER_NONNULL = YES;
				CLANG_ANALYZER_NUMBER_OBJECT_CONVERSION = YES_AGGRESSIVE;
				CLANG_CXX_LANGUAGE_STANDARD = "gnu++17";
				CLANG_CXX_LIBRARY = "libc++";
				CLANG_ENABLE_MODULES = YES;
				CLANG_ENABLE_OBJC_ARC = YES;
				CLANG_ENABLE_OBJC_WEAK = YES;
				CLANG_WARN_BLOCK_CAPTURE_AUTORELEASING = YES;
				CLANG_WARN_BOOL_CONVERSION = YES;
				CLANG_WARN_COMMA = YES;
				CLANG_WARN_CONSTANT_CONVERSION = YES;
				CLANG_WARN_DEPRECATED_OBJC_IMPLEMENTATIONS = YES;
				CLANG_WARN_DIRECT_OBJC_ISA_USAGE = YES_ERROR;
				CLANG_WARN_DOCUMENTATION_COMMENTS = YES;
				CLANG_WARN_EMPTY_BODY = YES;
				CLANG_WARN_ENUM_CONVERSION = YES;
				CLANG_WARN_INFINITE_RECURSION = YES;
				CLANG_WARN_INT_CONVERSION = YES;
				CLANG_WARN_NON_LITERAL_NULL_CONVERSION = YES;
				CLANG_WARN_OBJC_IMPLICIT_RETAIN_SELF = YES;
				CLANG_WARN_OBJC_LITERAL_CONVERSION = YES;
				CLANG_WARN_OBJC_ROOT_CLASS = YES_ERROR;
				CLANG_WARN_QUOTED_INCLUDE_IN_FRAMEWORK_HEADER = YES;
				CLANG_WARN_RANGE_LOOP_ANALYSIS = YES;
				CLANG_WARN_STRICT_PROTOTYPES = YES;
				CLANG_WARN_SUSPICIOUS_MOVE = YES;
				CLANG_WARN_UNGUARDED_AVAILABILITY = YES_AGGRESSIVE;
				CLANG_WARN_UNREACHABLE_CODE = YES;
				CLANG_WARN__DUPLICATE_METHOD_MATCH = YES;
				COPY_PHASE_STRIP = NO;
				DEBUG_INFORMATION_FORMAT = dwarf;
				ENABLE_STRICT_OBJC_MSGSEND = YES;
				ENABLE_TESTABILITY = YES;
				GCC_C_LANGUAGE_STANDARD = gnu11;
				GCC_DYNAMIC_NO_PIC = NO;
				GCC_NO_COMMON_BLOCKS = YES;
				GCC_OPTIMIZATION_LEVEL = 0;
				GCC_PREPROCESSOR_DEFINITIONS = (
					"DEBUG=1",
					"$(inherited)",
				);
				GCC_WARN_64_TO_32_BIT_CONVERSION = YES;
				GCC_WARN_ABOUT_RETURN_TYPE = YES_ERROR;
				GCC_WARN_UNDECLARED_SELECTOR = YES;
				GCC_WARN_UNINITIALIZED_AUTOS = YES_AGGRESSIVE;
				GCC_WARN_UNUSED_FUNCTION = YES;
				GCC_WARN_UNUSED_VARIABLE = YES;
				IPHONEOS_DEPLOYMENT_TARGET = 15.0;
				MTL_ENABLE_DEBUG_INFO = INCLUDE_SOURCE;
				MTL_FAST_MATH = YES;
				ONLY_ACTIVE_ARCH = YES;
				SDKROOT = iphoneos;
				SWIFT_ACTIVE_COMPILATION_CONDITIONS = DEBUG;
				SWIFT_OPTIMIZATION_LEVEL = "-Onone";
			};
			name = Debug;
		};
		D32F2ED929DD53A70094B70C /* Release */ = {
			isa = XCBuildConfiguration;
			buildSettings = {
				ALWAYS_SEARCH_USER_PATHS = NO;
				CLANG_ANALYZER_NONNULL = YES;
				CLANG_ANALYZER_NUMBER_OBJECT_CONVERSION = YES_AGGRESSIVE;
				CLANG_CXX_LANGUAGE_STANDARD = "gnu++17";
				CLANG_CXX_LIBRARY = "libc++";
				CLANG_ENABLE_MODULES = YES;
				CLANG_ENABLE_OBJC_ARC = YES;
				CLANG_ENABLE_OBJC_WEAK = YES;
				CLANG_WARN_BLOCK_CAPTURE_AUTORELEASING = YES;
				CLANG_WARN_BOOL_CONVERSION = YES;
				CLANG_WARN_COMMA = YES;
				CLANG_WARN_CONSTANT_CONVERSION = YES;
				CLANG_WARN_DEPRECATED_OBJC_IMPLEMENTATIONS = YES;
				CLANG_WARN_DIRECT_OBJC_ISA_USAGE = YES_ERROR;
				CLANG_WARN_DOCUMENTATION_COMMENTS = YES;
				CLANG_WARN_EMPTY_BODY = YES;
				CLANG_WARN_ENUM_CONVERSION = YES;
				CLANG_WARN_INFINITE_RECURSION = YES;
				CLANG_WARN_INT_CONVERSION = YES;
				CLANG_WARN_NON_LITERAL_NULL_CONVERSION = YES;
				CLANG_WARN_OBJC_IMPLICIT_RETAIN_SELF = YES;
				CLANG_WARN_OBJC_LITERAL_CONVERSION = YES;
				CLANG_WARN_OBJC_ROOT_CLASS = YES_ERROR;
				CLANG_WARN_QUOTED_INCLUDE_IN_FRAMEWORK_HEADER = YES;
				CLANG_WARN_RANGE_LOOP_ANALYSIS = YES;
				CLANG_WARN_STRICT_PROTOTYPES = YES;
				CLANG_WARN_SUSPICIOUS_MOVE = YES;
				CLANG_WARN_UNGUARDED_AVAILABILITY = YES_AGGRESSIVE;
				CLANG_WARN_UNREACHABLE_CODE = YES;
				CLANG_WARN__DUPLICATE_METHOD_MATCH = YES;
				COPY_PHASE_STRIP = NO;
				DEBUG_INFORMATION_FORMAT = "dwarf-with-dsym";
				ENABLE_NS_ASSERTIONS = NO;
				ENABLE_STRICT_OBJC_MSGSEND = YES;
				GCC_C_LANGUAGE_STANDARD = gnu11;
				GCC_NO_COMMON_BLOCKS = YES;
				GCC_WARN_64_TO_32_BIT_CONVERSION = YES;
				GCC_WARN_ABOUT_RETURN_TYPE = YES_ERROR;
				GCC_WARN_UNDECLARED_SELECTOR = YES;
				GCC_WARN_UNINITIALIZED_AUTOS = YES_AGGRESSIVE;
				GCC_WARN_UNUSED_FUNCTION = YES;
				GCC_WARN_UNUSED_VARIABLE = YES;
				IPHONEOS_DEPLOYMENT_TARGET = 15.0;
				MTL_ENABLE_DEBUG_INFO = NO;
				MTL_FAST_MATH = YES;
				SDKROOT = iphoneos;
				SWIFT_COMPILATION_MODE = wholemodule;
				SWIFT_OPTIMIZATION_LEVEL = "-O";
				VALIDATE_PRODUCT = YES;
			};
			name = Release;
		};
		D32F2EDB29DD53A70094B70C /* Debug */ = {
			isa = XCBuildConfiguration;
			buildSettings = {
				ASSETCATALOG_COMPILER_APPICON_NAME = AppIcon;
				ASSETCATALOG_COMPILER_GLOBAL_ACCENT_COLOR_NAME = AccentColor;
				CODE_SIGN_STYLE = Automatic;
				CURRENT_PROJECT_VERSION = 1;
				GENERATE_INFOPLIST_FILE = YES;
				INFOPLIST_FILE = database_Today_new/Info.plist;
				INFOPLIST_KEY_UIApplicationSupportsIndirectInputEvents = YES;
				INFOPLIST_KEY_UILaunchStoryboardName = LaunchScreen;
				INFOPLIST_KEY_UIMainStoryboardFile = Main;
				INFOPLIST_KEY_UISupportedInterfaceOrientations_iPad = "UIInterfaceOrientationPortrait UIInterfaceOrientationPortraitUpsideDown UIInterfaceOrientationLandscapeLeft UIInterfaceOrientationLandscapeRight";
				INFOPLIST_KEY_UISupportedInterfaceOrientations_iPhone = "UIInterfaceOrientationPortrait UIInterfaceOrientationLandscapeLeft UIInterfaceOrientationLandscapeRight";
				LD_RUNPATH_SEARCH_PATHS = (
					"$(inherited)",
					"@executable_path/Frameworks",
				);
				MARKETING_VERSION = 1.0;
				PRODUCT_BUNDLE_IDENTIFIER = "collection.database-Today-new";
				PRODUCT_NAME = "$(TARGET_NAME)";
				SWIFT_EMIT_LOC_STRINGS = YES;
				SWIFT_VERSION = 5.0;
				TARGETED_DEVICE_FAMILY = "1,2";
			};
			name = Debug;
		};
		D32F2EDC29DD53A70094B70C /* Release */ = {
			isa = XCBuildConfiguration;
			buildSettings = {
				ASSETCATALOG_COMPILER_APPICON_NAME = AppIcon;
				ASSETCATALOG_COMPILER_GLOBAL_ACCENT_COLOR_NAME = AccentColor;
				CODE_SIGN_STYLE = Automatic;
				CURRENT_PROJECT_VERSION = 1;
				GENERATE_INFOPLIST_FILE = YES;
				INFOPLIST_FILE = database_Today_new/Info.plist;
				INFOPLIST_KEY_UIApplicationSupportsIndirectInputEvents = YES;
				INFOPLIST_KEY_UILaunchStoryboardName = LaunchScreen;
				INFOPLIST_KEY_UIMainStoryboardFile = Main;
				INFOPLIST_KEY_UISupportedInterfaceOrientations_iPad = "UIInterfaceOrientationPortrait UIInterfaceOrientationPortraitUpsideDown UIInterfaceOrientationLandscapeLeft UIInterfaceOrientationLandscapeRight";
				INFOPLIST_KEY_UISupportedInterfaceOrientations_iPhone = "UIInterfaceOrientationPortrait UIInterfaceOrientationLandscapeLeft UIInterfaceOrientationLandscapeRight";
				LD_RUNPATH_SEARCH_PATHS = (
					"$(inherited)",
					"@executable_path/Frameworks",
				);
				MARKETING_VERSION = 1.0;
				PRODUCT_BUNDLE_IDENTIFIER = "collection.database-Today-new";
				PRODUCT_NAME = "$(TARGET_NAME)";
				SWIFT_EMIT_LOC_STRINGS = YES;
				SWIFT_VERSION = 5.0;
				TARGETED_DEVICE_FAMILY = "1,2";
			};
			name = Release;
		};
/* End XCBuildConfiguration section */

/* Begin XCConfigurationList section */
		D32F2EC129DD53A60094B70C /* Build configuration list for PBXProject "database_Today_new" */ = {
			isa = XCConfigurationList;
			buildConfigurations = (
				D32F2ED829DD53A70094B70C /* Debug */,
				D32F2ED929DD53A70094B70C /* Release */,
			);
			defaultConfigurationIsVisible = 0;
			defaultConfigurationName = Release;
		};
		D32F2EDA29DD53A70094B70C /* Build configuration list for PBXNativeTarget "database_Today_new" */ = {
			isa = XCConfigurationList;
			buildConfigurations = (
				D32F2EDB29DD53A70094B70C /* Debug */,
				D32F2EDC29DD53A70094B70C /* Release */,
			);
			defaultConfigurationIsVisible = 0;
			defaultConfigurationName = Release;
		};
/* End XCConfigurationList section */
	};
	rootObject = D32F2EBE29DD53A60094B70C /* Project object */;
}
